
Microsoft Visual Studio Solution File, Format Version 12.00
# Visual Studio Version 17
VisualStudioVersion = 17.11.35222.181
MinimumVisualStudioVersion = 10.0.40219.1
Project("{8BC9CEB8-8B4A-11D0-8D11-00A0C91BC942}") = "Class Car 16.09.24", "Class Car 16.09.24\Class Car 16.09.24.vcxproj", "{ABC1C3CD-64F3-4830-9F19-94E3FB74632D}"
EndProject
Global
	GlobalSection(SolutionConfigurationPlatforms) = preSolution
		Debug|x64 = Debug|x64
		Debug|x86 = Debug|x86
		Release|x64 = Release|x64
		Release|x86 = Release|x86
	EndGlobalSection
	GlobalSection(ProjectConfigurationPlatforms) = postSolution
		{ABC1C3CD-64F3-4830-9F19-94E3FB74632D}.Debug|x64.ActiveCfg = Debug|x64
		{ABC1C3CD-64F3-4830-9F19-94E3FB74632D}.Debug|x64.Build.0 = Debug|x64
		{ABC1C3CD-64F3-4830-9F19-94E3FB74632D}.Debug|x86.ActiveCfg = Debug|Win32
		{ABC1C3CD-64F3-4830-9F19-94E3FB74632D}.Debug|x86.Build.0 = Debug|Win32
		{ABC1C3CD-64F3-4830-9F19-94E3FB74632D}.Release|x64.ActiveCfg = Release|x64
		{ABC1C3CD-64F3-4830-9F19-94E3FB74632D}.Release|x64.Build.0 = Release|x64
		{ABC1C3CD-64F3-4830-9F19-94E3FB74632D}.Release|x86.ActiveCfg = Release|Win32
		{ABC1C3CD-64F3-4830-9F19-94E3FB74632D}.Release|x86.Build.0 = Release|Win32
	EndGlobalSection
	GlobalSection(SolutionProperties) = preSolution
		HideSolutionNode = FALSE
	EndGlobalSection
	GlobalSection(ExtensibilityGlobals) = postSolution
		SolutionGuid = {A1E6243E-1DC6-4B6F-A98D-F5A51831A7F5}
	EndGlobalSection
EndGlobal
